// !$*UTF8*$!
{
	archiveVersion = 1;
	classes = {
	};
	objectVersion = 46;
	objects = {

/* Begin PBXBuildFile section */
		624805CF1E31CFFC0094FC0E /* AppDelegate.swift in Sources */ = {isa = PBXBuildFile; fileRef = 624805CE1E31CFFC0094FC0E /* AppDelegate.swift */; };
		624805D11E31CFFC0094FC0E /* SayMyNameVC.swift in Sources */ = {isa = PBXBuildFile; fileRef = 624805D01E31CFFC0094FC0E /* SayMyNameVC.swift */; };
		624805D41E31CFFC0094FC0E /* Main.storyboard in Resources */ = {isa = PBXBuildFile; fileRef = 624805D21E31CFFC0094FC0E /* Main.storyboard */; };
		624805D71E31CFFC0094FC0E /* Say_My_Name.xcdatamodeld in Sources */ = {isa = PBXBuildFile; fileRef = 624805D51E31CFFC0094FC0E /* Say_My_Name.xcdatamodeld */; };
		624805D91E31CFFC0094FC0E /* Assets.xcassets in Resources */ = {isa = PBXBuildFile; fileRef = 624805D81E31CFFC0094FC0E /* Assets.xcassets */; };
		624805DC1E31CFFC0094FC0E /* LaunchScreen.storyboard in Resources */ = {isa = PBXBuildFile; fileRef = 624805DA1E31CFFC0094FC0E /* LaunchScreen.storyboard */; };
		624805E71E31D0720094FC0E /* Person.swift in Sources */ = {isa = PBXBuildFile; fileRef = 624805E61E31D0710094FC0E /* Person.swift */; };
		624805ED1E31D2D20094FC0E /* SignUpInVC.swift in Sources */ = {isa = PBXBuildFile; fileRef = 624805EC1E31D2D20094FC0E /* SignUpInVC.swift */; };
		624805EF1E31D2FF0094FC0E /* WhatsMyNameVC.swift in Sources */ = {isa = PBXBuildFile; fileRef = 624805EE1E31D2FF0094FC0E /* WhatsMyNameVC.swift */; };
		624805F11E31D3140094FC0E /* ListVC.swift in Sources */ = {isa = PBXBuildFile; fileRef = 624805F01E31D3140094FC0E /* ListVC.swift */; };
		624805F31E31D33D0094FC0E /* InfoVC.swift in Sources */ = {isa = PBXBuildFile; fileRef = 624805F21E31D33D0094FC0E /* InfoVC.swift */; };
		62AFFBFE1E459E7A004B6C91 /* ContactCell.swift in Sources */ = {isa = PBXBuildFile; fileRef = 62AFFBFD1E459E7A004B6C91 /* ContactCell.swift */; };
		62AFFC001E45A1BF004B6C91 /* ContactCellImage.swift in Sources */ = {isa = PBXBuildFile; fileRef = 62AFFBFF1E45A1BF004B6C91 /* ContactCellImage.swift */; };
		62AFFC021E49E42E004B6C91 /* ContactImage.swift in Sources */ = {isa = PBXBuildFile; fileRef = 62AFFC011E49E42E004B6C91 /* ContactImage.swift */; };
		62AFFC041E514B56004B6C91 /* InfoTwoVC.swift in Sources */ = {isa = PBXBuildFile; fileRef = 62AFFC031E514B55004B6C91 /* InfoTwoVC.swift */; };
		62AFFC061E51D1E0004B6C91 /* SayMyNameTwoVC.swift in Sources */ = {isa = PBXBuildFile; fileRef = 62AFFC051E51D1E0004B6C91 /* SayMyNameTwoVC.swift */; };
		E98EE1BAC932D9F6820FC7D7 /* Pods_Say_My_Name.framework in Frameworks */ = {isa = PBXBuildFile; fileRef = 6851D420800F13F7ADD55D6B /* Pods_Say_My_Name.framework */; };
/* End PBXBuildFile section */

/* Begin PBXFileReference section */
		624805CB1E31CFFC0094FC0E /* Say My Name.app */ = {isa = PBXFileReference; explicitFileType = wrapper.application; includeInIndex = 0; path = "Say My Name.app"; sourceTree = BUILT_PRODUCTS_DIR; };
		624805CE1E31CFFC0094FC0E /* AppDelegate.swift */ = {isa = PBXFileReference; lastKnownFileType = sourcecode.swift; path = AppDelegate.swift; sourceTree = "<group>"; };
		624805D01E31CFFC0094FC0E /* SayMyNameVC.swift */ = {isa = PBXFileReference; lastKnownFileType = sourcecode.swift; path = SayMyNameVC.swift; sourceTree = "<group>"; };
		624805D31E31CFFC0094FC0E /* Base */ = {isa = PBXFileReference; lastKnownFileType = file.storyboard; name = Base; path = Base.lproj/Main.storyboard; sourceTree = "<group>"; };
		624805D61E31CFFC0094FC0E /* Say_My_Name.xcdatamodel */ = {isa = PBXFileReference; lastKnownFileType = wrapper.xcdatamodel; path = Say_My_Name.xcdatamodel; sourceTree = "<group>"; };
		624805D81E31CFFC0094FC0E /* Assets.xcassets */ = {isa = PBXFileReference; lastKnownFileType = folder.assetcatalog; path = Assets.xcassets; sourceTree = "<group>"; };
		624805DB1E31CFFC0094FC0E /* Base */ = {isa = PBXFileReference; lastKnownFileType = file.storyboard; name = Base; path = Base.lproj/LaunchScreen.storyboard; sourceTree = "<group>"; };
		624805DD1E31CFFC0094FC0E /* Info.plist */ = {isa = PBXFileReference; lastKnownFileType = text.plist.xml; path = Info.plist; sourceTree = "<group>"; };
		624805E61E31D0710094FC0E /* Person.swift */ = {isa = PBXFileReference; fileEncoding = 4; lastKnownFileType = sourcecode.swift; path = Person.swift; sourceTree = "<group>"; };
		624805EC1E31D2D20094FC0E /* SignUpInVC.swift */ = {isa = PBXFileReference; fileEncoding = 4; lastKnownFileType = sourcecode.swift; path = SignUpInVC.swift; sourceTree = "<group>"; };
		624805EE1E31D2FF0094FC0E /* WhatsMyNameVC.swift */ = {isa = PBXFileReference; fileEncoding = 4; lastKnownFileType = sourcecode.swift; path = WhatsMyNameVC.swift; sourceTree = "<group>"; };
		624805F01E31D3140094FC0E /* ListVC.swift */ = {isa = PBXFileReference; fileEncoding = 4; lastKnownFileType = sourcecode.swift; path = ListVC.swift; sourceTree = "<group>"; };
		624805F21E31D33D0094FC0E /* InfoVC.swift */ = {isa = PBXFileReference; fileEncoding = 4; lastKnownFileType = sourcecode.swift; path = InfoVC.swift; sourceTree = "<group>"; };
		62AFFBFD1E459E7A004B6C91 /* ContactCell.swift */ = {isa = PBXFileReference; fileEncoding = 4; lastKnownFileType = sourcecode.swift; path = ContactCell.swift; sourceTree = "<group>"; };
		62AFFBFF1E45A1BF004B6C91 /* ContactCellImage.swift */ = {isa = PBXFileReference; fileEncoding = 4; lastKnownFileType = sourcecode.swift; path = ContactCellImage.swift; sourceTree = "<group>"; };
		62AFFC011E49E42E004B6C91 /* ContactImage.swift */ = {isa = PBXFileReference; fileEncoding = 4; lastKnownFileType = sourcecode.swift; path = ContactImage.swift; sourceTree = "<group>"; };
		62AFFC031E514B55004B6C91 /* InfoTwoVC.swift */ = {isa = PBXFileReference; fileEncoding = 4; lastKnownFileType = sourcecode.swift; path = InfoTwoVC.swift; sourceTree = "<group>"; };
		62AFFC051E51D1E0004B6C91 /* SayMyNameTwoVC.swift */ = {isa = PBXFileReference; fileEncoding = 4; lastKnownFileType = sourcecode.swift; path = SayMyNameTwoVC.swift; sourceTree = "<group>"; };
		6851D420800F13F7ADD55D6B /* Pods_Say_My_Name.framework */ = {isa = PBXFileReference; explicitFileType = wrapper.framework; includeInIndex = 0; path = Pods_Say_My_Name.framework; sourceTree = BUILT_PRODUCTS_DIR; };
		CF47AA4E622E335104A1F19A /* Pods-Say My Name.release.xcconfig */ = {isa = PBXFileReference; includeInIndex = 1; lastKnownFileType = text.xcconfig; name = "Pods-Say My Name.release.xcconfig"; path = "Pods/Target Support Files/Pods-Say My Name/Pods-Say My Name.release.xcconfig"; sourceTree = "<group>"; };
		D42567C6226D4F8C41A6A7E0 /* Pods-Say My Name.debug.xcconfig */ = {isa = PBXFileReference; includeInIndex = 1; lastKnownFileType = text.xcconfig; name = "Pods-Say My Name.debug.xcconfig"; path = "Pods/Target Support Files/Pods-Say My Name/Pods-Say My Name.debug.xcconfig"; sourceTree = "<group>"; };
/* End PBXFileReference section */

/* Begin PBXFrameworksBuildPhase section */
		624805C81E31CFFC0094FC0E /* Frameworks */ = {
			isa = PBXFrameworksBuildPhase;
			buildActionMask = 2147483647;
			files = (
				E98EE1BAC932D9F6820FC7D7 /* Pods_Say_My_Name.framework in Frameworks */,
			);
			runOnlyForDeploymentPostprocessing = 0;
		};
/* End PBXFrameworksBuildPhase section */

/* Begin PBXGroup section */
		0F1323E44604F69D705DD680 /* Frameworks */ = {
			isa = PBXGroup;
			children = (
				6851D420800F13F7ADD55D6B /* Pods_Say_My_Name.framework */,
			);
			name = Frameworks;
			sourceTree = "<group>";
		};
		624805C21E31CFFC0094FC0E = {
			isa = PBXGroup;
			children = (
				624805CD1E31CFFC0094FC0E /* Say My Name */,
				624805CC1E31CFFC0094FC0E /* Products */,
				C9F10DA3DFB4A20082567B86 /* Pods */,
				0F1323E44604F69D705DD680 /* Frameworks */,
			);
			sourceTree = "<group>";
		};
		624805CC1E31CFFC0094FC0E /* Products */ = {
			isa = PBXGroup;
			children = (
				624805CB1E31CFFC0094FC0E /* Say My Name.app */,
			);
			name = Products;
			sourceTree = "<group>";
		};
		624805CD1E31CFFC0094FC0E /* Say My Name */ = {
			isa = PBXGroup;
			children = (
				624805E51E31D0330094FC0E /* Model */,
				624805E41E31D02B0094FC0E /* View */,
				624805E31E31D01F0094FC0E /* Controller */,
				624805CE1E31CFFC0094FC0E /* AppDelegate.swift */,
				624805D21E31CFFC0094FC0E /* Main.storyboard */,
				624805DA1E31CFFC0094FC0E /* LaunchScreen.storyboard */,
				624805D81E31CFFC0094FC0E /* Assets.xcassets */,
				624805DD1E31CFFC0094FC0E /* Info.plist */,
				624805D51E31CFFC0094FC0E /* Say_My_Name.xcdatamodeld */,
			);
			path = "Say My Name";
			sourceTree = "<group>";
		};
		624805E31E31D01F0094FC0E /* Controller */ = {
			isa = PBXGroup;
			children = (
				624805D01E31CFFC0094FC0E /* SayMyNameVC.swift */,
				624805EC1E31D2D20094FC0E /* SignUpInVC.swift */,
				624805EE1E31D2FF0094FC0E /* WhatsMyNameVC.swift */,
				624805F01E31D3140094FC0E /* ListVC.swift */,
				624805F21E31D33D0094FC0E /* InfoVC.swift */,
				62AFFC031E514B55004B6C91 /* InfoTwoVC.swift */,
				62AFFC051E51D1E0004B6C91 /* SayMyNameTwoVC.swift */,
			);
			name = Controller;
			sourceTree = "<group>";
		};
		624805E41E31D02B0094FC0E /* View */ = {
			isa = PBXGroup;
			children = (
				62AFFBFD1E459E7A004B6C91 /* ContactCell.swift */,
				62AFFBFF1E45A1BF004B6C91 /* ContactCellImage.swift */,
				62AFFC011E49E42E004B6C91 /* ContactImage.swift */,
			);
			name = View;
			sourceTree = "<group>";
		};
		624805E51E31D0330094FC0E /* Model */ = {
			isa = PBXGroup;
			children = (
				624805E61E31D0710094FC0E /* Person.swift */,
			);
			name = Model;
			sourceTree = "<group>";
		};
		C9F10DA3DFB4A20082567B86 /* Pods */ = {
			isa = PBXGroup;
			children = (
				D42567C6226D4F8C41A6A7E0 /* Pods-Say My Name.debug.xcconfig */,
				CF47AA4E622E335104A1F19A /* Pods-Say My Name.release.xcconfig */,
			);
			name = Pods;
			sourceTree = "<group>";
		};
/* End PBXGroup section */

/* Begin PBXNativeTarget section */
		624805CA1E31CFFC0094FC0E /* Say My Name */ = {
			isa = PBXNativeTarget;
			buildConfigurationList = 624805E01E31CFFC0094FC0E /* Build configuration list for PBXNativeTarget "Say My Name" */;
			buildPhases = (
				3522A4F6642DE3EE5E5AA965 /* [CP] Check Pods Manifest.lock */,
				624805C71E31CFFC0094FC0E /* Sources */,
				624805C81E31CFFC0094FC0E /* Frameworks */,
				624805C91E31CFFC0094FC0E /* Resources */,
				C59BF704418FBB3E52C5A772 /* [CP] Embed Pods Frameworks */,
				384A55C5FA8A581A004B6D9B /* [CP] Copy Pods Resources */,
			);
			buildRules = (
			);
			dependencies = (
			);
			name = "Say My Name";
			productName = "Say My Name";
			productReference = 624805CB1E31CFFC0094FC0E /* Say My Name.app */;
			productType = "com.apple.product-type.application";
		};
/* End PBXNativeTarget section */

/* Begin PBXProject section */
		624805C31E31CFFC0094FC0E /* Project object */ = {
			isa = PBXProject;
			attributes = {
				LastSwiftUpdateCheck = 0820;
				LastUpgradeCheck = 0820;
				ORGANIZATIONNAME = "Affinity for Apps";
				TargetAttributes = {
					624805CA1E31CFFC0094FC0E = {
						CreatedOnToolsVersion = 8.2.1;
						DevelopmentTeam = 5ZR8E9ADDM;
						ProvisioningStyle = Automatic;
					};
				};
			};
			buildConfigurationList = 624805C61E31CFFC0094FC0E /* Build configuration list for PBXProject "Say My Name" */;
			compatibilityVersion = "Xcode 3.2";
			developmentRegion = English;
			hasScannedForEncodings = 0;
			knownRegions = (
				en,
				Base,
			);
			mainGroup = 624805C21E31CFFC0094FC0E;
			productRefGroup = 624805CC1E31CFFC0094FC0E /* Products */;
			projectDirPath = "";
			projectRoot = "";
			targets = (
				624805CA1E31CFFC0094FC0E /* Say My Name */,
			);
		};
/* End PBXProject section */

/* Begin PBXResourcesBuildPhase section */
		624805C91E31CFFC0094FC0E /* Resources */ = {
			isa = PBXResourcesBuildPhase;
			buildActionMask = 2147483647;
			files = (
				624805DC1E31CFFC0094FC0E /* LaunchScreen.storyboard in Resources */,
				624805D91E31CFFC0094FC0E /* Assets.xcassets in Resources */,
				624805D41E31CFFC0094FC0E /* Main.storyboard in Resources */,
			);
			runOnlyForDeploymentPostprocessing = 0;
		};
/* End PBXResourcesBuildPhase section */

/* Begin PBXShellScriptBuildPhase section */
		3522A4F6642DE3EE5E5AA965 /* [CP] Check Pods Manifest.lock */ = {
			isa = PBXShellScriptBuildPhase;
			buildActionMask = 2147483647;
			files = (
			);
			inputPaths = (
			);
			name = "[CP] Check Pods Manifest.lock";
			outputPaths = (
			);
			runOnlyForDeploymentPostprocessing = 0;
			shellPath = /bin/sh;
			shellScript = "diff \"${PODS_ROOT}/../Podfile.lock\" \"${PODS_ROOT}/Manifest.lock\" > /dev/null\nif [ $? != 0 ] ; then\n    # print error to STDERR\n    echo \"error: The sandbox is not in sync with the Podfile.lock. Run 'pod install' or update your CocoaPods installation.\" >&2\n    exit 1\nfi\n";
			showEnvVarsInLog = 0;
		};
		384A55C5FA8A581A004B6D9B /* [CP] Copy Pods Resources */ = {
			isa = PBXShellScriptBuildPhase;
			buildActionMask = 2147483647;
			files = (
			);
			inputPaths = (
			);
			name = "[CP] Copy Pods Resources";
			outputPaths = (
			);
			runOnlyForDeploymentPostprocessing = 0;
			shellPath = /bin/sh;
			shellScript = "\"${SRCROOT}/Pods/Target Support Files/Pods-Say My Name/Pods-Say My Name-resources.sh\"\n";
			showEnvVarsInLog = 0;
		};
		C59BF704418FBB3E52C5A772 /* [CP] Embed Pods Frameworks */ = {
			isa = PBXShellScriptBuildPhase;
			buildActionMask = 2147483647;
			files = (
			);
			inputPaths = (
			);
			name = "[CP] Embed Pods Frameworks";
			outputPaths = (
			);
			runOnlyForDeploymentPostprocessing = 0;
			shellPath = /bin/sh;
			shellScript = "\"${SRCROOT}/Pods/Target Support Files/Pods-Say My Name/Pods-Say My Name-frameworks.sh\"\n";
			showEnvVarsInLog = 0;
		};
/* End PBXShellScriptBuildPhase section */

/* Begin PBXSourcesBuildPhase section */
		624805C71E31CFFC0094FC0E /* Sources */ = {
			isa = PBXSourcesBuildPhase;
			buildActionMask = 2147483647;
			files = (
				62AFFC001E45A1BF004B6C91 /* ContactCellImage.swift in Sources */,
				62AFFC041E514B56004B6C91 /* InfoTwoVC.swift in Sources */,
				62AFFC061E51D1E0004B6C91 /* SayMyNameTwoVC.swift in Sources */,
				62AFFBFE1E459E7A004B6C91 /* ContactCell.swift in Sources */,
				624805F11E31D3140094FC0E /* ListVC.swift in Sources */,
				624805D11E31CFFC0094FC0E /* SayMyNameVC.swift in Sources */,
				624805EF1E31D2FF0094FC0E /* WhatsMyNameVC.swift in Sources */,
				624805CF1E31CFFC0094FC0E /* AppDelegate.swift in Sources */,
				624805F31E31D33D0094FC0E /* InfoVC.swift in Sources */,
				624805E71E31D0720094FC0E /* Person.swift in Sources */,
				624805D71E31CFFC0094FC0E /* Say_My_Name.xcdatamodeld in Sources */,
				624805ED1E31D2D20094FC0E /* SignUpInVC.swift in Sources */,
				62AFFC021E49E42E004B6C91 /* ContactImage.swift in Sources */,
			);
			runOnlyForDeploymentPostprocessing = 0;
		};
/* End PBXSourcesBuildPhase section */

/* Begin PBXVariantGroup section */
		624805D21E31CFFC0094FC0E /* Main.storyboard */ = {
			isa = PBXVariantGroup;
			children = (
				624805D31E31CFFC0094FC0E /* Base */,
			);
			name = Main.storyboard;
			sourceTree = "<group>";
		};
		624805DA1E31CFFC0094FC0E /* LaunchScreen.storyboard */ = {
			isa = PBXVariantGroup;
			children = (
				624805DB1E31CFFC0094FC0E /* Base */,
			);
			name = LaunchScreen.storyboard;
			sourceTree = "<group>";
		};
/* End PBXVariantGroup section */

/* Begin XCBuildConfiguration section */
		624805DE1E31CFFC0094FC0E /* Debug */ = {
			isa = XCBuildConfiguration;
			buildSettings = {
				ALWAYS_SEARCH_USER_PATHS = NO;
				CLANG_ANALYZER_NONNULL = YES;
				CLANG_CXX_LANGUAGE_STANDARD = "gnu++0x";
				CLANG_CXX_LIBRARY = "libc++";
				CLANG_ENABLE_MODULES = YES;
				CLANG_ENABLE_OBJC_ARC = YES;
				CLANG_WARN_BOOL_CONVERSION = YES;
				CLANG_WARN_CONSTANT_CONVERSION = YES;
				CLANG_WARN_DIRECT_OBJC_ISA_USAGE = YES_ERROR;
				CLANG_WARN_DOCUMENTATION_COMMENTS = YES;
				CLANG_WARN_EMPTY_BODY = YES;
				CLANG_WARN_ENUM_CONVERSION = YES;
				CLANG_WARN_INFINITE_RECURSION = YES;
				CLANG_WARN_INT_CONVERSION = YES;
				CLANG_WARN_OBJC_ROOT_CLASS = YES_ERROR;
				CLANG_WARN_SUSPICIOUS_MOVE = YES;
				CLANG_WARN_UNREACHABLE_CODE = YES;
				CLANG_WARN__DUPLICATE_METHOD_MATCH = YES;
				"CODE_SIGN_IDENTITY[sdk=iphoneos*]" = "iPhone Developer";
				COPY_PHASE_STRIP = NO;
				DEBUG_INFORMATION_FORMAT = dwarf;
				ENABLE_STRICT_OBJC_MSGSEND = YES;
				ENABLE_TESTABILITY = YES;
				GCC_C_LANGUAGE_STANDARD = gnu99;
				GCC_DYNAMIC_NO_PIC = NO;
				GCC_NO_COMMON_BLOCKS = YES;
				GCC_OPTIMIZATION_LEVEL = 0;
				GCC_PREPROCESSOR_DEFINITIONS = (
					"DEBUG=1",
					"$(inherited)",
				);
				GCC_WARN_64_TO_32_BIT_CONVERSION = YES;
				GCC_WARN_ABOUT_RETURN_TYPE = YES_ERROR;
				GCC_WARN_UNDECLARED_SELECTOR = YES;
				GCC_WARN_UNINITIALIZED_AUTOS = YES_AGGRESSIVE;
				GCC_WARN_UNUSED_FUNCTION = YES;
				GCC_WARN_UNUSED_VARIABLE = YES;
				IPHONEOS_DEPLOYMENT_TARGET = 10.2;
				MTL_ENABLE_DEBUG_INFO = YES;
				ONLY_ACTIVE_ARCH = YES;
				SDKROOT = iphoneos;
				SWIFT_ACTIVE_COMPILATION_CONDITIONS = DEBUG;
				SWIFT_OPTIMIZATION_LEVEL = "-Onone";
				TARGETED_DEVICE_FAMILY = "1,2";
			};
			name = Debug;
		};
		624805DF1E31CFFC0094FC0E /* Release */ = {
			isa = XCBuildConfiguration;
			buildSettings = {
				ALWAYS_SEARCH_USER_PATHS = NO;
				CLANG_ANALYZER_NONNULL = YES;
				CLANG_CXX_LANGUAGE_STANDARD = "gnu++0x";
				CLANG_CXX_LIBRARY = "libc++";
				CLANG_ENABLE_MODULES = YES;
				CLANG_ENABLE_OBJC_ARC = YES;
				CLANG_WARN_BOOL_CONVERSION = YES;
				CLANG_WARN_CONSTANT_CONVERSION = YES;
				CLANG_WARN_DIRECT_OBJC_ISA_USAGE = YES_ERROR;
				CLANG_WARN_DOCUMENTATION_COMMENTS = YES;
				CLANG_WARN_EMPTY_BODY = YES;
				CLANG_WARN_ENUM_CONVERSION = YES;
				CLANG_WARN_INFINITE_RECURSION = YES;
				CLANG_WARN_INT_CONVERSION = YES;
				CLANG_WARN_OBJC_ROOT_CLASS = YES_ERROR;
				CLANG_WARN_SUSPICIOUS_MOVE = YES;
				CLANG_WARN_UNREACHABLE_CODE = YES;
				CLANG_WARN__DUPLICATE_METHOD_MATCH = YES;
				"CODE_SIGN_IDENTITY[sdk=iphoneos*]" = "iPhone Developer";
				COPY_PHASE_STRIP = NO;
				DEBUG_INFORMATION_FORMAT = "dwarf-with-dsym";
				ENABLE_NS_ASSERTIONS = NO;
				ENABLE_STRICT_OBJC_MSGSEND = YES;
				GCC_C_LANGUAGE_STANDARD = gnu99;
				GCC_NO_COMMON_BLOCKS = YES;
				GCC_WARN_64_TO_32_BIT_CONVERSION = YES;
				GCC_WARN_ABOUT_RETURN_TYPE = YES_ERROR;
				GCC_WARN_UNDECLARED_SELECTOR = YES;
				GCC_WARN_UNINITIALIZED_AUTOS = YES_AGGRESSIVE;
				GCC_WARN_UNUSED_FUNCTION = YES;
				GCC_WARN_UNUSED_VARIABLE = YES;
				IPHONEOS_DEPLOYMENT_TARGET = 10.2;
				MTL_ENABLE_DEBUG_INFO = NO;
				SDKROOT = iphoneos;
				SWIFT_OPTIMIZATION_LEVEL = "-Owholemodule";
				TARGETED_DEVICE_FAMILY = "1,2";
				VALIDATE_PRODUCT = YES;
			};
			name = Release;
		};
		624805E11E31CFFC0094FC0E /* Debug */ = {
			isa = XCBuildConfiguration;
			baseConfigurationReference = D42567C6226D4F8C41A6A7E0 /* Pods-Say My Name.debug.xcconfig */;
			buildSettings = {
				ASSETCATALOG_COMPILER_APPICON_NAME = AppIcon;
				DEVELOPMENT_TEAM = 5ZR8E9ADDM;
				INFOPLIST_FILE = "Say My Name/Info.plist";
				LD_RUNPATH_SEARCH_PATHS = "$(inherited) @executable_path/Frameworks";
				PRODUCT_BUNDLE_IDENTIFIER = "com.AffinityforApps.Say-My-Name";
				PRODUCT_NAME = "$(TARGET_NAME)";
				SWIFT_VERSION = 3.0;
				TARGETED_DEVICE_FAMILY = 1;
			};
			name = Debug;
		};
		624805E21E31CFFC0094FC0E /* Release */ = {
			isa = XCBuildConfiguration;
			baseConfigurationReference = CF47AA4E622E335104A1F19A /* Pods-Say My Name.release.xcconfig */;
			buildSettings = {
				ASSETCATALOG_COMPILER_APPICON_NAME = AppIcon;
				DEVELOPMENT_TEAM = 5ZR8E9ADDM;
				INFOPLIST_FILE = "Say My Name/Info.plist";
				LD_RUNPATH_SEARCH_PATHS = "$(inherited) @executable_path/Frameworks";
				PRODUCT_BUNDLE_IDENTIFIER = "com.AffinityforApps.Say-My-Name";
				PRODUCT_NAME = "$(TARGET_NAME)";
				SWIFT_VERSION = 3.0;
				TARGETED_DEVICE_FAMILY = 1;
			};
			name = Release;
		};
/* End XCBuildConfiguration section */

/* Begin XCConfigurationList section */
		624805C61E31CFFC0094FC0E /* Build configuration list for PBXProject "Say My Name" */ = {
			isa = XCConfigurationList;
			buildConfigurations = (
				624805DE1E31CFFC0094FC0E /* Debug */,
				624805DF1E31CFFC0094FC0E /* Release */,
			);
			defaultConfigurationIsVisible = 0;
			defaultConfigurationName = Release;
		};
		624805E01E31CFFC0094FC0E /* Build configuration list for PBXNativeTarget "Say My Name" */ = {
			isa = XCConfigurationList;
			buildConfigurations = (
				624805E11E31CFFC0094FC0E /* Debug */,
				624805E21E31CFFC0094FC0E /* Release */,
			);
			defaultConfigurationIsVisible = 0;
			defaultConfigurationName = Release;
		};
/* End XCConfigurationList section */

/* Begin XCVersionGroup section */
		624805D51E31CFFC0094FC0E /* Say_My_Name.xcdatamodeld */ = {
			isa = XCVersionGroup;
			children = (
				624805D61E31CFFC0094FC0E /* Say_My_Name.xcdatamodel */,
			);
			currentVersion = 624805D61E31CFFC0094FC0E /* Say_My_Name.xcdatamodel */;
			path = Say_My_Name.xcdatamodeld;
			sourceTree = "<group>";
			versionGroupType = wrapper.xcdatamodel;
		};
/* End XCVersionGroup section */
	};
	rootObject = 624805C31E31CFFC0094FC0E /* Project object */;
}
